// !$*UTF8*$!
{
	archiveVersion = 1;
	classes = {
	};
	objectVersion = 46;
	objects = {

/* Begin PBXBuildFile section */
		C39807BE1D579F2D00B280AF /* AppDelegate.swift in Sources */ = {isa = PBXBuildFile; fileRef = C39807BD1D579F2D00B280AF /* AppDelegate.swift */; };
		C39807C01D579F2D00B280AF /* ViewController.swift in Sources */ = {isa = PBXBuildFile; fileRef = C39807BF1D579F2D00B280AF /* ViewController.swift */; };
		C39807C31D579F2D00B280AF /* Main.storyboard in Resources */ = {isa = PBXBuildFile; fileRef = C39807C11D579F2D00B280AF /* Main.storyboard */; };
		C39807C51D579F2D00B280AF /* Assets.xcassets in Resources */ = {isa = PBXBuildFile; fileRef = C39807C41D579F2D00B280AF /* Assets.xcassets */; };
		C39807C81D579F2D00B280AF /* LaunchScreen.storyboard in Resources */ = {isa = PBXBuildFile; fileRef = C39807C61D579F2D00B280AF /* LaunchScreen.storyboard */; };
/* End PBXBuildFile section */

/* Begin PBXFileReference section */
		C39807BA1D579F2D00B280AF /* Fight.app */ = {isa = PBXFileReference; explicitFileType = wrapper.application; includeInIndex = 0; path = Fight.app; sourceTree = BUILT_PRODUCTS_DIR; };
		C39807BD1D579F2D00B280AF /* AppDelegate.swift */ = {isa = PBXFileReference; lastKnownFileType = sourcecode.swift; path = AppDelegate.swift; sourceTree = "<group>"; };
		C39807BF1D579F2D00B280AF /* ViewController.swift */ = {isa = PBXFileReference; lastKnownFileType = sourcecode.swift; path = ViewController.swift; sourceTree = "<group>"; };
		C39807C21D579F2D00B280AF /* Base */ = {isa = PBXFileReference; lastKnownFileType = file.storyboard; name = Base; path = Base.lproj/Main.storyboard; sourceTree = "<group>"; };
		C39807C41D579F2D00B280AF /* Assets.xcassets */ = {isa = PBXFileReference; lastKnownFileType = folder.assetcatalog; path = Assets.xcassets; sourceTree = "<group>"; };
		C39807C71D579F2D00B280AF /* Base */ = {isa = PBXFileReference; lastKnownFileType = file.storyboard; name = Base; path = Base.lproj/LaunchScreen.storyboard; sourceTree = "<group>"; };
		C39807C91D579F2D00B280AF /* Info.plist */ = {isa = PBXFileReference; lastKnownFileType = text.plist.xml; path = Info.plist; sourceTree = "<group>"; };
/* End PBXFileReference section */

/* Begin PBXFrameworksBuildPhase section */
		C39807B71D579F2D00B280AF /* Frameworks */ = {
			isa = PBXFrameworksBuildPhase;
			buildActionMask = 2147483647;
			files = (
			);
			runOnlyForDeploymentPostprocessing = 0;
		};
/* End PBXFrameworksBuildPhase section */

/* Begin PBXGroup section */
		C39807B11D579F2D00B280AF = {
			isa = PBXGroup;
			children = (
				C39807BC1D579F2D00B280AF /* Fight */,
				C39807BB1D579F2D00B280AF /* Products */,
			);
			sourceTree = "<group>";
		};
		C39807BB1D579F2D00B280AF /* Products */ = {
			isa = PBXGroup;
			children = (
				C39807BA1D579F2D00B280AF /* Fight.app */,
			);
			name = Products;
			sourceTree = "<group>";
		};
		C39807BC1D579F2D00B280AF /* Fight */ = {
			isa = PBXGroup;
			children = (
				C39807BD1D579F2D00B280AF /* AppDelegate.swift */,
				C39807BF1D579F2D00B280AF /* ViewController.swift */,
				C39807C11D579F2D00B280AF /* Main.storyboard */,
				C39807C41D579F2D00B280AF /* Assets.xcassets */,
				C39807C61D579F2D00B280AF /* LaunchScreen.storyboard */,
				C39807C91D579F2D00B280AF /* Info.plist */,
			);
			path = Fight;
			sourceTree = "<group>";
		};
/* End PBXGroup section */

/* Begin PBXNativeTarget section */
		C39807B91D579F2D00B280AF /* Fight */ = {
			isa = PBXNativeTarget;
			buildConfigurationList = C39807CC1D579F2D00B280AF /* Build configuration list for PBXNativeTarget "Fight" */;
			buildPhases = (
				C39807B61D579F2D00B280AF /* Sources */,
				C39807B71D579F2D00B280AF /* Frameworks */,
				C39807B81D579F2D00B280AF /* Resources */,
			);
			buildRules = (
			);
			dependencies = (
			);
			name = Fight;
			productName = Fight;
			productReference = C39807BA1D579F2D00B280AF /* Fight.app */;
			productType = "com.apple.product-type.application";
		};
/* End PBXNativeTarget section */

/* Begin PBXProject section */
		C39807B21D579F2D00B280AF /* Project object */ = {
			isa = PBXProject;
			attributes = {
				LastSwiftUpdateCheck = 0730;
				LastUpgradeCheck = 0730;
				ORGANIZATIONNAME = "Tony Merritt";
				TargetAttributes = {
					C39807B91D579F2D00B280AF = {
						CreatedOnToolsVersion = 7.3.1;
					};
				};
			};
			buildConfigurationList = C39807B51D579F2D00B280AF /* Build configuration list for PBXProject "Fight" */;
			compatibilityVersion = "Xcode 3.2";
			developmentRegion = English;
			hasScannedForEncodings = 0;
			knownRegions = (
				en,
				Base,
			);
			mainGroup = C39807B11D579F2D00B280AF;
			productRefGroup = C39807BB1D579F2D00B280AF /* Products */;
			projectDirPath = "";
			projectRoot = "";
			targets = (
				C39807B91D579F2D00B280AF /* Fight */,
			);
		};
/* End PBXProject section */

/* Begin PBXResourcesBuildPhase section */
		C39807B81D579F2D00B280AF /* Resources */ = {
			isa = PBXResourcesBuildPhase;
			buildActionMask = 2147483647;
			files = (
				C39807C81D579F2D00B280AF /* LaunchScreen.storyboard in Resources */,
				C39807C51D579F2D00B280AF /* Assets.xcassets in Resources */,
				C39807C31D579F2D00B280AF /* Main.storyboard in Resources */,
			);
			runOnlyForDeploymentPostprocessing = 0;
		};
/* End PBXResourcesBuildPhase section */

/* Begin PBXSourcesBuildPhase section */
		C39807B61D579F2D00B280AF /* Sources */ = {
			isa = PBXSourcesBuildPhase;
			buildActionMask = 2147483647;
			files = (
				C39807C01D579F2D00B280AF /* ViewController.swift in Sources */,
				C39807BE1D579F2D00B280AF /* AppDelegate.swift in Sources */,
			);
			runOnlyForDeploymentPostprocessing = 0;
		};
/* End PBXSourcesBuildPhase section */

/* Begin PBXVariantGroup section */
		C39807C11D579F2D00B280AF /* Main.storyboard */ = {
			isa = PBXVariantGroup;
			children = (
				C39807C21D579F2D00B280AF /* Base */,
			);
			name = Main.storyboard;
			sourceTree = "<group>";
		};
		C39807C61D579F2D00B280AF /* LaunchScreen.storyboard */ = {
			isa = PBXVariantGroup;
			children = (
				C39807C71D579F2D00B280AF /* Base */,
			);
			name = LaunchScreen.storyboard;
			sourceTree = "<group>";
		};
/* End PBXVariantGroup section */

/* Begin XCBuildConfiguration section */
		C39807CA1D579F2D00B280AF /* Debug */ = {
			isa = XCBuildConfiguration;
			buildSettings = {
				ALWAYS_SEARCH_USER_PATHS = NO;
				CLANG_ANALYZER_NONNULL = YES;
				CLANG_CXX_LANGUAGE_STANDARD = "gnu++0x";
				CLANG_CXX_LIBRARY = "libc++";
				CLANG_ENABLE_MODULES = YES;
				CLANG_ENABLE_OBJC_ARC = YES;
				CLANG_WARN_BOOL_CONVERSION = YES;
				CLANG_WARN_CONSTANT_CONVERSION = YES;
				CLANG_WARN_DIRECT_OBJC_ISA_USAGE = YES_ERROR;
				CLANG_WARN_EMPTY_BODY = YES;
				CLANG_WARN_ENUM_CONVERSION = YES;
				CLANG_WARN_INT_CONVERSION = YES;
				CLANG_WARN_OBJC_ROOT_CLASS = YES_ERROR;
				CLANG_WARN_UNREACHABLE_CODE = YES;
				CLANG_WARN__DUPLICATE_METHOD_MATCH = YES;
				"CODE_SIGN_IDENTITY[sdk=iphoneos*]" = "iPhone Developer";
				COPY_PHASE_STRIP = NO;
				DEBUG_INFORMATION_FORMAT = dwarf;
				ENABLE_STRICT_OBJC_MSGSEND = YES;
				ENABLE_TESTABILITY = YES;
				GCC_C_LANGUAGE_STANDARD = gnu99;
				GCC_DYNAMIC_NO_PIC = NO;
				GCC_NO_COMMON_BLOCKS = YES;
				GCC_OPTIMIZATION_LEVEL = 0;
				GCC_PREPROCESSOR_DEFINITIONS = (
					"DEBUG=1",
					"$(inherited)",
				);
				GCC_WARN_64_TO_32_BIT_CONVERSION = YES;
				GCC_WARN_ABOUT_RETURN_TYPE = YES_ERROR;
				GCC_WARN_UNDECLARED_SELECTOR = YES;
				GCC_WARN_UNINITIALIZED_AUTOS = YES_AGGRESSIVE;
				GCC_WARN_UNUSED_FUNCTION = YES;
				GCC_WARN_UNUSED_VARIABLE = YES;
				IPHONEOS_DEPLOYMENT_TARGET = 9.3;
				MTL_ENABLE_DEBUG_INFO = YES;
				ONLY_ACTIVE_ARCH = YES;
				SDKROOT = iphoneos;
				SWIFT_OPTIMIZATION_LEVEL = "-Onone";
				TARGETED_DEVICE_FAMILY = "1,2";
			};
			name = Debug;
		};
		C39807CB1D579F2D00B280AF /* Release */ = {
			isa = XCBuildConfiguration;
			buildSettings = {
				ALWAYS_SEARCH_USER_PATHS = NO;
				CLANG_ANALYZER_NONNULL = YES;
				CLANG_CXX_LANGUAGE_STANDARD = "gnu++0x";
				CLANG_CXX_LIBRARY = "libc++";
				CLANG_ENABLE_MODULES = YES;
				CLANG_ENABLE_OBJC_ARC = YES;
				CLANG_WARN_BOOL_CONVERSION = YES;
				CLANG_WARN_CONSTANT_CONVERSION = YES;
				CLANG_WARN_DIRECT_OBJC_ISA_USAGE = YES_ERROR;
				CLANG_WARN_EMPTY_BODY = YES;
				CLANG_WARN_ENUM_CONVERSION = YES;
				CLANG_WARN_INT_CONVERSION = YES;
				CLANG_WARN_OBJC_ROOT_CLASS = YES_ERROR;
				CLANG_WARN_UNREACHABLE_CODE = YES;
				CLANG_WARN__DUPLICATE_METHOD_MATCH = YES;
				"CODE_SIGN_IDENTITY[sdk=iphoneos*]" = "iPhone Developer";
				COPY_PHASE_STRIP = NO;
				DEBUG_INFORMATION_FORMAT = "dwarf-with-dsym";
				ENABLE_NS_ASSERTIONS = NO;
				ENABLE_STRICT_OBJC_MSGSEND = YES;
				GCC_C_LANGUAGE_STANDARD = gnu99;
				GCC_NO_COMMON_BLOCKS = YES;
				GCC_WARN_64_TO_32_BIT_CONVERSION = YES;
				GCC_WARN_ABOUT_RETURN_TYPE = YES_ERROR;
				GCC_WARN_UNDECLARED_SELECTOR = YES;
				GCC_WARN_UNINITIALIZED_AUTOS = YES_AGGRESSIVE;
				GCC_WARN_UNUSED_FUNCTION = YES;
				GCC_WARN_UNUSED_VARIABLE = YES;
				IPHONEOS_DEPLOYMENT_TARGET = 9.3;
				MTL_ENABLE_DEBUG_INFO = NO;
				SDKROOT = iphoneos;
				TARGETED_DEVICE_FAMILY = "1,2";
				VALIDATE_PRODUCT = YES;
			};
			name = Release;
		};
		C39807CD1D579F2D00B280AF /* Debug */ = {
			isa = XCBuildConfiguration;
			buildSettings = {
				ASSETCATALOG_COMPILER_APPICON_NAME = AppIcon;
				INFOPLIST_FILE = Fight/Info.plist;
				LD_RUNPATH_SEARCH_PATHS = "$(inherited) @executable_path/Frameworks";
				PRODUCT_BUNDLE_IDENTIFIER = uk.TonyMerritt.Fight;
				PRODUCT_NAME = "$(TARGET_NAME)";
			};
			name = Debug;
		};
		C39807CE1D579F2D00B280AF /* Release */ = {
			isa = XCBuildConfiguration;
			buildSettings = {
				ASSETCATALOG_COMPILER_APPICON_NAME = AppIcon;
				INFOPLIST_FILE = Fight/Info.plist;
				LD_RUNPATH_SEARCH_PATHS = "$(inherited) @executable_path/Frameworks";
				PRODUCT_BUNDLE_IDENTIFIER = uk.TonyMerritt.Fight;
				PRODUCT_NAME = "$(TARGET_NAME)";
			};
			name = Release;
		};
/* End XCBuildConfiguration section */

/* Begin XCConfigurationList section */
		C39807B51D579F2D00B280AF /* Build configuration list for PBXProject "Fight" */ = {
			isa = XCConfigurationList;
			buildConfigurations = (
				C39807CA1D579F2D00B280AF /* Debug */,
				C39807CB1D579F2D00B280AF /* Release */,
			);
			defaultConfigurationIsVisible = 0;
			defaultConfigurationName = Release;
		};
		C39807CC1D579F2D00B280AF /* Build configuration list for PBXNativeTarget "Fight" */ = {
			isa = XCConfigurationList;
			buildConfigurations = (
				C39807CD1D579F2D00B280AF /* Debug */,
				C39807CE1D579F2D00B280AF /* Release */,
			);
			defaultConfigurationIsVisible = 0;
		};
/* End XCConfigurationList section */
	};
	rootObject = C39807B21D579F2D00B280AF /* Project object */;
}
